{"version":4,"terraform_version":"1.9.0","serial":1,"lineage":"9393ab0a-da88-f0f6-effd-d688ff1a1c40","outputs":{"scw_infrastructure_project":{"value":{"created_at":"2025-07-22T08:46:57Z","description":"","id":"dd48f1dd-4637-496d-add2-e4feb63e0a38","name":"opennebula-scw-infra","organization_id":"6563facc-d9e7-47db-97d4-cfd8a505ff04","updated_at":"2025-07-22T08:46:57Z"},"type":["object",{"created_at":"string","description":"string","id":"string","name":"string","organization_id":"string","updated_at":"string"}]},"terraform_state_backend_module":{"value":{"bucket_endpoint":"https://opennebula-scw-infra-tfstates.s3.fr-par.scw.cloud","bucket_id":"fr-par/opennebula-scw-infra-tfstates","s3_website_information":null},"type":["object",{"bucket_endpoint":"string","bucket_id":"string","s3_website_information":"dynamic"}]}},"resources":[{"mode":"managed","type":"scaleway_account_project","name":"scw_infrastructure_project","provider":"provider[\"registry.opentofu.org/scaleway/scaleway\"]","instances":[{"schema_version":0,"attributes":{"created_at":"2025-07-22T08:46:57Z","description":"","id":"dd48f1dd-4637-496d-add2-e4feb63e0a38","name":"opennebula-scw-infra","organization_id":"6563facc-d9e7-47db-97d4-cfd8a505ff04","updated_at":"2025-07-22T08:46:57Z"},"sensitive_attributes":[],"private":"bnVsbA=="}]},{"module":"module.terraform_state_backend","mode":"managed","type":"scaleway_object_bucket","name":"this","provider":"provider[\"registry.opentofu.org/scaleway/scaleway\"]","instances":[{"schema_version":0,"attributes":{"acl":"private","api_endpoint":"https://s3.fr-par.scw.cloud","cors_rule":[],"endpoint":"https://opennebula-scw-infra-tfstates.s3.fr-par.scw.cloud","force_destroy":true,"id":"fr-par/opennebula-scw-infra-tfstates","lifecycle_rule":[],"name":"opennebula-scw-infra-tfstates","object_lock_enabled":true,"project_id":"dd48f1dd-4637-496d-add2-e4feb63e0a38","region":"fr-par","tags":{"DEFAULT":"DEFAULT","INFRASTRUCTURE/STATE_MANAGEMENT":"INFRASTRUCTURE/STATE_MANAGEMENT","ManagedByTerraform":"ManagedByTerraform","common":"common","opennebula":"opennebula","opennebula-scw":"opennebula-scw","opennebula-scw-opennebula-scw-infra":"opennebula-scw-opennebula-scw-infra","scw":"scw","terraform-states-infra":"terraform-states-infra"},"timeouts":null,"versioning":[{"enabled":true}]},"sensitive_attributes":[],"private":"eyJlMmJmYjczMC1lY2FhLTExZTYtOGY4OC0zNDM2M2JjN2M0YzAiOnsiY3JlYXRlIjo2MDAwMDAwMDAwMDAsImRlZmF1bHQiOjYwMDAwMDAwMDAwMCwiZGVsZXRlIjo2MDAwMDAwMDAwMDAsInJlYWQiOjYwMDAwMDAwMDAwMCwidXBkYXRlIjo2MDAwMDAwMDAwMDB9fQ==","dependencies":["scaleway_account_project.scw_infrastructure_project"]}]},{"module":"module.terraform_state_backend","mode":"managed","type":"scaleway_object_bucket_acl","name":"this","provider":"provider[\"registry.opentofu.org/scaleway/scaleway\"]","instances":[{"schema_version":0,"attributes":{"access_control_policy":[{"grant":[{"grantee":[{"display_name":"dd48f1dd-4637-496d-add2-e4feb63e0a38","id":"dd48f1dd-4637-496d-add2-e4feb63e0a38","type":"CanonicalUser"}],"permission":"FULL_CONTROL"}],"owner":[{"display_name":"dd48f1dd-4637-496d-add2-e4feb63e0a38","id":"dd48f1dd-4637-496d-add2-e4feb63e0a38"}]}],"acl":"private","bucket":"opennebula-scw-infra-tfstates","expected_bucket_owner":"","id":"fr-par/opennebula-scw-infra-tfstates/private","project_id":"dd48f1dd-4637-496d-add2-e4feb63e0a38","region":"fr-par"},"sensitive_attributes":[],"private":"bnVsbA==","dependencies":["module.terraform_state_backend.scaleway_object_bucket.this","scaleway_account_project.scw_infrastructure_project"]}]},{"module":"module.terraform_state_backend","mode":"managed","type":"scaleway_object_bucket_lock_configuration","name":"this","provider":"provider[\"registry.opentofu.org/scaleway/scaleway\"]","instances":[{"index_key":0,"schema_version":0,"attributes":{"bucket":"opennebula-scw-infra-tfstates","id":"fr-par/opennebula-scw-infra-tfstates","project_id":"dd48f1dd-4637-496d-add2-e4feb63e0a38","region":null,"rule":[{"default_retention":[{"days":0,"mode":"GOVERNANCE","years":1}]}]},"sensitive_attributes":[],"private":"bnVsbA==","dependencies":["module.terraform_state_backend.scaleway_object_bucket.this","scaleway_account_project.scw_infrastructure_project"]}]}],"check_results":[{"object_kind":"var","config_addr":"module.label_default.var.label_value_case","status":"pass","objects":[{"object_addr":"module.label_default.var.label_value_case","status":"pass"}]},{"object_kind":"var","config_addr":"module.label_default.var.context","status":"pass","objects":[{"object_addr":"module.label_default.var.context","status":"pass"}]},{"object_kind":"var","config_addr":"module.label_default.var.id_length_limit","status":"pass","objects":[{"object_addr":"module.label_default.var.id_length_limit","status":"pass"}]},{"object_kind":"var","config_addr":"module.label_default.var.label_key_case","status":"pass","objects":[{"object_addr":"module.label_default.var.label_key_case","status":"pass"}]}]}
